
Microsoft Visual Studio Solution File, Format Version 12.00
# Visual Studio Version 17
VisualStudioVersion = 17.5.002.0
MinimumVisualStudioVersion = 10.0.40219.1
Project("{9A19103F-16F7-4668-BE54-9A1E7A4F7556}") = "TEST_WPF", "TEST_WPF.csproj", "{CE28EDBB-E71D-4B1F-B838-8DDF4833AD3F}"
EndProject
Global
	GlobalSection(SolutionConfigurationPlatforms) = preSolution
		Debug|Any CPU = Debug|Any CPU
		Release|Any CPU = Release|Any CPU
	EndGlobalSection
	GlobalSection(ProjectConfigurationPlatforms) = postSolution
		{CE28EDBB-E71D-4B1F-B838-8DDF4833AD3F}.Debug|Any CPU.ActiveCfg = Debug|Any CPU
		{CE28EDBB-E71D-4B1F-B838-8DDF4833AD3F}.Debug|Any CPU.Build.0 = Debug|Any CPU
		{CE28EDBB-E71D-4B1F-B838-8DDF4833AD3F}.Release|Any CPU.ActiveCfg = Release|Any CPU
		{CE28EDBB-E71D-4B1F-B838-8DDF4833AD3F}.Release|Any CPU.Build.0 = Release|Any CPU
	EndGlobalSection
	GlobalSection(SolutionProperties) = preSolution
		HideSolutionNode = FALSE
	EndGlobalSection
	GlobalSection(ExtensibilityGlobals) = postSolution
		SolutionGuid = {1E36880F-C6FC-4F3D-AE85-A3C8E2E13A44}
	EndGlobalSection
EndGlobal
